// !$*UTF8*$!
{
	archiveVersion = 1;
	classes = {
	};
	objectVersion = 77;
	objects = {

/* Begin PBXBuildFile section */
		6152194C2DBB07DE00DF4904 /* Assets.xcassets in Resources */ = {isa = PBXBuildFile; fileRef = 615219482DBB07DE00DF4904 /* Assets.xcassets */; };
		6152194D2DBB07DE00DF4904 /* CoinGeckoSwiftUIApp.swift in Sources */ = {isa = PBXBuildFile; fileRef = 615219492DBB07DE00DF4904 /* CoinGeckoSwiftUIApp.swift */; };
		6152194E2DBB07DE00DF4904 /* ContentView.swift in Sources */ = {isa = PBXBuildFile; fileRef = 6152194A2DBB07DE00DF4904 /* ContentView.swift */; };
		615219502DBB07F200DF4904 /* README.md in Resources */ = {isa = PBXBuildFile; fileRef = 6152194F2DBB07F200DF4904 /* README.md */; };
		615219522DBB0EAE00DF4904 /* Cryptocurrency.swift in Sources */ = {isa = PBXBuildFile; fileRef = 615219512DBB0EAE00DF4904 /* Cryptocurrency.swift */; };
		615219572DBB0FA100DF4904 /* GetGlobalCryptoList.swift in Sources */ = {isa = PBXBuildFile; fileRef = 615219562DBB0FA100DF4904 /* GetGlobalCryptoList.swift */; };
		6152195A2DBB11CF00DF4904 /* GlobalCryptoListRepositoryType.swift in Sources */ = {isa = PBXBuildFile; fileRef = 615219592DBB11CF00DF4904 /* GlobalCryptoListRepositoryType.swift */; };
		6152195C2DBB120E00DF4904 /* CryptocurrencyDomainError.swift in Sources */ = {isa = PBXBuildFile; fileRef = 6152195B2DBB120E00DF4904 /* CryptocurrencyDomainError.swift */; };
		615219602DBB126100DF4904 /* CryptocurrencyRepository.swift in Sources */ = {isa = PBXBuildFile; fileRef = 6152195F2DBB126100DF4904 /* CryptocurrencyRepository.swift */; };
		615219652DBB192F00DF4904 /* CryptocurrencyBasicDTO.swift in Sources */ = {isa = PBXBuildFile; fileRef = 615219642DBB192F00DF4904 /* CryptocurrencyBasicDTO.swift */; };
		615219672DBB195600DF4904 /* CryptocurrencyPriceInfoDTO.swift in Sources */ = {isa = PBXBuildFile; fileRef = 615219662DBB195600DF4904 /* CryptocurrencyPriceInfoDTO.swift */; };
		6152196A2DBB19A400DF4904 /* HTTPClientError.swift in Sources */ = {isa = PBXBuildFile; fileRef = 615219692DBB19A400DF4904 /* HTTPClientError.swift */; };
		6152196C2DBB19DA00DF4904 /* ApiDataSourceType.swift in Sources */ = {isa = PBXBuildFile; fileRef = 6152196B2DBB19DA00DF4904 /* ApiDataSourceType.swift */; };
		6152196E2DBB270000DF4904 /* CryptocurrencyDomainMapper.swift in Sources */ = {isa = PBXBuildFile; fileRef = 6152196D2DBB270000DF4904 /* CryptocurrencyDomainMapper.swift */; };
		615219702DBB275A00DF4904 /* CryptocurrencyBuilder.swift in Sources */ = {isa = PBXBuildFile; fileRef = 6152196F2DBB275A00DF4904 /* CryptocurrencyBuilder.swift */; };
		615219722DBB27AB00DF4904 /* CryptocurrencyDomainErrorMapper.swift in Sources */ = {isa = PBXBuildFile; fileRef = 615219712DBB27AB00DF4904 /* CryptocurrencyDomainErrorMapper.swift */; };
		615219752DBB280200DF4904 /* Foundation+Extensions.swift in Sources */ = {isa = PBXBuildFile; fileRef = 615219742DBB280200DF4904 /* Foundation+Extensions.swift */; };
		615219772DBB2AC200DF4904 /* APICryptoDataSource.swift in Sources */ = {isa = PBXBuildFile; fileRef = 615219762DBB2AC200DF4904 /* APICryptoDataSource.swift */; };
		615219792DBB2CCD00DF4904 /* CryptocurrencyGlobalInfoDTO.swift in Sources */ = {isa = PBXBuildFile; fileRef = 615219782DBB2CCD00DF4904 /* CryptocurrencyGlobalInfoDTO.swift */; };
		6152197B2DBB341400DF4904 /* Endpoint.swift in Sources */ = {isa = PBXBuildFile; fileRef = 6152197A2DBB341400DF4904 /* Endpoint.swift */; };
		6152197D2DBB344100DF4904 /* HTTPMethod.swift in Sources */ = {isa = PBXBuildFile; fileRef = 6152197C2DBB344100DF4904 /* HTTPMethod.swift */; };
		6152197F2DBB347C00DF4904 /* HTTPClient.swift in Sources */ = {isa = PBXBuildFile; fileRef = 6152197E2DBB347C00DF4904 /* HTTPClient.swift */; };
		615219832DBB350300DF4904 /* URLSessionHTTPClient.swift in Sources */ = {isa = PBXBuildFile; fileRef = 615219822DBB350300DF4904 /* URLSessionHTTPClient.swift */; };
		615219852DBB3CAA00DF4904 /* URLSessionRequestMaker.swift in Sources */ = {isa = PBXBuildFile; fileRef = 615219842DBB3CAA00DF4904 /* URLSessionRequestMaker.swift */; };
		615219872DBB3CC800DF4904 /* URLSessionErrorResolver.swift in Sources */ = {isa = PBXBuildFile; fileRef = 615219862DBB3CC800DF4904 /* URLSessionErrorResolver.swift */; };
/* End PBXBuildFile section */

/* Begin PBXContainerItemProxy section */
		6152192C2DBB07D100DF4904 /* PBXContainerItemProxy */ = {
			isa = PBXContainerItemProxy;
			containerPortal = 615219162DBB07CE00DF4904 /* Project object */;
			proxyType = 1;
			remoteGlobalIDString = 6152191D2DBB07CF00DF4904;
			remoteInfo = CoinGeckoSwiftUI;
		};
		615219362DBB07D100DF4904 /* PBXContainerItemProxy */ = {
			isa = PBXContainerItemProxy;
			containerPortal = 615219162DBB07CE00DF4904 /* Project object */;
			proxyType = 1;
			remoteGlobalIDString = 6152191D2DBB07CF00DF4904;
			remoteInfo = CoinGeckoSwiftUI;
		};
/* End PBXContainerItemProxy section */

/* Begin PBXFileReference section */
		6152191E2DBB07CF00DF4904 /* CoinGeckoSwiftUI.app */ = {isa = PBXFileReference; explicitFileType = wrapper.application; includeInIndex = 0; path = CoinGeckoSwiftUI.app; sourceTree = BUILT_PRODUCTS_DIR; };
		6152192B2DBB07D100DF4904 /* CoinGeckoSwiftUITests.xctest */ = {isa = PBXFileReference; explicitFileType = wrapper.cfbundle; includeInIndex = 0; path = CoinGeckoSwiftUITests.xctest; sourceTree = BUILT_PRODUCTS_DIR; };
		615219352DBB07D100DF4904 /* CoinGeckoSwiftUIUITests.xctest */ = {isa = PBXFileReference; explicitFileType = wrapper.cfbundle; includeInIndex = 0; path = CoinGeckoSwiftUIUITests.xctest; sourceTree = BUILT_PRODUCTS_DIR; };
		615219482DBB07DE00DF4904 /* Assets.xcassets */ = {isa = PBXFileReference; lastKnownFileType = folder.assetcatalog; path = Assets.xcassets; sourceTree = "<group>"; };
		615219492DBB07DE00DF4904 /* CoinGeckoSwiftUIApp.swift */ = {isa = PBXFileReference; lastKnownFileType = sourcecode.swift; path = CoinGeckoSwiftUIApp.swift; sourceTree = "<group>"; };
		6152194A2DBB07DE00DF4904 /* ContentView.swift */ = {isa = PBXFileReference; lastKnownFileType = sourcecode.swift; path = ContentView.swift; sourceTree = "<group>"; };
		6152194F2DBB07F200DF4904 /* README.md */ = {isa = PBXFileReference; lastKnownFileType = net.daringfireball.markdown; path = README.md; sourceTree = "<group>"; };
		615219512DBB0EAE00DF4904 /* Cryptocurrency.swift */ = {isa = PBXFileReference; lastKnownFileType = sourcecode.swift; path = Cryptocurrency.swift; sourceTree = "<group>"; };
		615219562DBB0FA100DF4904 /* GetGlobalCryptoList.swift */ = {isa = PBXFileReference; lastKnownFileType = sourcecode.swift; path = GetGlobalCryptoList.swift; sourceTree = "<group>"; };
		615219592DBB11CF00DF4904 /* GlobalCryptoListRepositoryType.swift */ = {isa = PBXFileReference; lastKnownFileType = sourcecode.swift; path = GlobalCryptoListRepositoryType.swift; sourceTree = "<group>"; };
		6152195B2DBB120E00DF4904 /* CryptocurrencyDomainError.swift */ = {isa = PBXFileReference; lastKnownFileType = sourcecode.swift; path = CryptocurrencyDomainError.swift; sourceTree = "<group>"; };
		6152195F2DBB126100DF4904 /* CryptocurrencyRepository.swift */ = {isa = PBXFileReference; lastKnownFileType = sourcecode.swift; path = CryptocurrencyRepository.swift; sourceTree = "<group>"; };
		615219642DBB192F00DF4904 /* CryptocurrencyBasicDTO.swift */ = {isa = PBXFileReference; lastKnownFileType = sourcecode.swift; path = CryptocurrencyBasicDTO.swift; sourceTree = "<group>"; };
		615219662DBB195600DF4904 /* CryptocurrencyPriceInfoDTO.swift */ = {isa = PBXFileReference; lastKnownFileType = sourcecode.swift; path = CryptocurrencyPriceInfoDTO.swift; sourceTree = "<group>"; };
		615219692DBB19A400DF4904 /* HTTPClientError.swift */ = {isa = PBXFileReference; lastKnownFileType = sourcecode.swift; path = HTTPClientError.swift; sourceTree = "<group>"; };
		6152196B2DBB19DA00DF4904 /* ApiDataSourceType.swift */ = {isa = PBXFileReference; lastKnownFileType = sourcecode.swift; path = ApiDataSourceType.swift; sourceTree = "<group>"; };
		6152196D2DBB270000DF4904 /* CryptocurrencyDomainMapper.swift */ = {isa = PBXFileReference; lastKnownFileType = sourcecode.swift; path = CryptocurrencyDomainMapper.swift; sourceTree = "<group>"; };
		6152196F2DBB275A00DF4904 /* CryptocurrencyBuilder.swift */ = {isa = PBXFileReference; lastKnownFileType = sourcecode.swift; path = CryptocurrencyBuilder.swift; sourceTree = "<group>"; };
		615219712DBB27AB00DF4904 /* CryptocurrencyDomainErrorMapper.swift */ = {isa = PBXFileReference; lastKnownFileType = sourcecode.swift; path = CryptocurrencyDomainErrorMapper.swift; sourceTree = "<group>"; };
		615219742DBB280200DF4904 /* Foundation+Extensions.swift */ = {isa = PBXFileReference; lastKnownFileType = sourcecode.swift; path = "Foundation+Extensions.swift"; sourceTree = "<group>"; };
		615219762DBB2AC200DF4904 /* APICryptoDataSource.swift */ = {isa = PBXFileReference; lastKnownFileType = sourcecode.swift; path = APICryptoDataSource.swift; sourceTree = "<group>"; };
		615219782DBB2CCD00DF4904 /* CryptocurrencyGlobalInfoDTO.swift */ = {isa = PBXFileReference; lastKnownFileType = sourcecode.swift; path = CryptocurrencyGlobalInfoDTO.swift; sourceTree = "<group>"; };
		6152197A2DBB341400DF4904 /* Endpoint.swift */ = {isa = PBXFileReference; lastKnownFileType = sourcecode.swift; path = Endpoint.swift; sourceTree = "<group>"; };
		6152197C2DBB344100DF4904 /* HTTPMethod.swift */ = {isa = PBXFileReference; lastKnownFileType = sourcecode.swift; path = HTTPMethod.swift; sourceTree = "<group>"; };
		6152197E2DBB347C00DF4904 /* HTTPClient.swift */ = {isa = PBXFileReference; lastKnownFileType = sourcecode.swift; path = HTTPClient.swift; sourceTree = "<group>"; };
		615219822DBB350300DF4904 /* URLSessionHTTPClient.swift */ = {isa = PBXFileReference; lastKnownFileType = sourcecode.swift; path = URLSessionHTTPClient.swift; sourceTree = "<group>"; };
		615219842DBB3CAA00DF4904 /* URLSessionRequestMaker.swift */ = {isa = PBXFileReference; lastKnownFileType = sourcecode.swift; path = URLSessionRequestMaker.swift; sourceTree = "<group>"; };
		615219862DBB3CC800DF4904 /* URLSessionErrorResolver.swift */ = {isa = PBXFileReference; lastKnownFileType = sourcecode.swift; path = URLSessionErrorResolver.swift; sourceTree = "<group>"; };
/* End PBXFileReference section */

/* Begin PBXFileSystemSynchronizedRootGroup section */
		6152192E2DBB07D100DF4904 /* CoinGeckoSwiftUITests */ = {
			isa = PBXFileSystemSynchronizedRootGroup;
			path = CoinGeckoSwiftUITests;
			sourceTree = "<group>";
		};
		615219382DBB07D100DF4904 /* CoinGeckoSwiftUIUITests */ = {
			isa = PBXFileSystemSynchronizedRootGroup;
			path = CoinGeckoSwiftUIUITests;
			sourceTree = "<group>";
		};
/* End PBXFileSystemSynchronizedRootGroup section */

/* Begin PBXFrameworksBuildPhase section */
		6152191B2DBB07CF00DF4904 /* Frameworks */ = {
			isa = PBXFrameworksBuildPhase;
			buildActionMask = 2147483647;
			files = (
			);
			runOnlyForDeploymentPostprocessing = 0;
		};
		615219282DBB07D100DF4904 /* Frameworks */ = {
			isa = PBXFrameworksBuildPhase;
			buildActionMask = 2147483647;
			files = (
			);
			runOnlyForDeploymentPostprocessing = 0;
		};
		615219322DBB07D100DF4904 /* Frameworks */ = {
			isa = PBXFrameworksBuildPhase;
			buildActionMask = 2147483647;
			files = (
			);
			runOnlyForDeploymentPostprocessing = 0;
		};
/* End PBXFrameworksBuildPhase section */

/* Begin PBXGroup section */
		615219152DBB07CE00DF4904 = {
			isa = PBXGroup;
			children = (
				6152194B2DBB07DE00DF4904 /* CoinGeckoSwiftUI */,
				6152192E2DBB07D100DF4904 /* CoinGeckoSwiftUITests */,
				615219382DBB07D100DF4904 /* CoinGeckoSwiftUIUITests */,
				6152191F2DBB07CF00DF4904 /* Products */,
			);
			sourceTree = "<group>";
		};
		6152191F2DBB07CF00DF4904 /* Products */ = {
			isa = PBXGroup;
			children = (
				6152191E2DBB07CF00DF4904 /* CoinGeckoSwiftUI.app */,
				6152192B2DBB07D100DF4904 /* CoinGeckoSwiftUITests.xctest */,
				615219352DBB07D100DF4904 /* CoinGeckoSwiftUIUITests.xctest */,
			);
			name = Products;
			sourceTree = "<group>";
		};
		6152194B2DBB07DE00DF4904 /* CoinGeckoSwiftUI */ = {
			isa = PBXGroup;
			children = (
				615219802DBB34AF00DF4904 /* Infraestructure */,
				615219732DBB27E200DF4904 /* Utils */,
				6152195D2DBB124A00DF4904 /* Data */,
				615219582DBB11AA00DF4904 /* Interfaces */,
				615219542DBB0EDF00DF4904 /* Domain */,
				615219492DBB07DE00DF4904 /* CoinGeckoSwiftUIApp.swift */,
				6152194A2DBB07DE00DF4904 /* ContentView.swift */,
				615219482DBB07DE00DF4904 /* Assets.xcassets */,
				6152194F2DBB07F200DF4904 /* README.md */,
			);
			path = CoinGeckoSwiftUI;
			sourceTree = "<group>";
		};
		615219532DBB0ECC00DF4904 /* Entities */ = {
			isa = PBXGroup;
			children = (
				615219512DBB0EAE00DF4904 /* Cryptocurrency.swift */,
			);
			path = Entities;
			sourceTree = "<group>";
		};
		615219542DBB0EDF00DF4904 /* Domain */ = {
			isa = PBXGroup;
			children = (
				615219552DBB0F8A00DF4904 /* Use Cases */,
				615219532DBB0ECC00DF4904 /* Entities */,
				6152195B2DBB120E00DF4904 /* CryptocurrencyDomainError.swift */,
			);
			path = Domain;
			sourceTree = "<group>";
		};
		615219552DBB0F8A00DF4904 /* Use Cases */ = {
			isa = PBXGroup;
			children = (
				615219562DBB0FA100DF4904 /* GetGlobalCryptoList.swift */,
			);
			path = "Use Cases";
			sourceTree = "<group>";
		};
		615219582DBB11AA00DF4904 /* Interfaces */ = {
			isa = PBXGroup;
			children = (
				615219592DBB11CF00DF4904 /* GlobalCryptoListRepositoryType.swift */,
			);
			path = Interfaces;
			sourceTree = "<group>";
		};
		6152195D2DBB124A00DF4904 /* Data */ = {
			isa = PBXGroup;
			children = (
				615219682DBB199800DF4904 /* Networking */,
				615219632DBB190B00DF4904 /* DTOs */,
				6152195E2DBB125000DF4904 /* Repositories */,
				6152196D2DBB270000DF4904 /* CryptocurrencyDomainMapper.swift */,
				6152196F2DBB275A00DF4904 /* CryptocurrencyBuilder.swift */,
				615219712DBB27AB00DF4904 /* CryptocurrencyDomainErrorMapper.swift */,
			);
			path = Data;
			sourceTree = "<group>";
		};
		6152195E2DBB125000DF4904 /* Repositories */ = {
			isa = PBXGroup;
			children = (
				6152195F2DBB126100DF4904 /* CryptocurrencyRepository.swift */,
			);
			path = Repositories;
			sourceTree = "<group>";
		};
		615219632DBB190B00DF4904 /* DTOs */ = {
			isa = PBXGroup;
			children = (
				615219642DBB192F00DF4904 /* CryptocurrencyBasicDTO.swift */,
				615219662DBB195600DF4904 /* CryptocurrencyPriceInfoDTO.swift */,
				615219782DBB2CCD00DF4904 /* CryptocurrencyGlobalInfoDTO.swift */,
			);
			path = DTOs;
			sourceTree = "<group>";
		};
		615219682DBB199800DF4904 /* Networking */ = {
			isa = PBXGroup;
			children = (
				615219692DBB19A400DF4904 /* HTTPClientError.swift */,
				6152196B2DBB19DA00DF4904 /* ApiDataSourceType.swift */,
				615219762DBB2AC200DF4904 /* APICryptoDataSource.swift */,
				6152197E2DBB347C00DF4904 /* HTTPClient.swift */,
				6152197C2DBB344100DF4904 /* HTTPMethod.swift */,
				6152197A2DBB341400DF4904 /* Endpoint.swift */,
			);
			path = Networking;
			sourceTree = "<group>";
		};
		615219732DBB27E200DF4904 /* Utils */ = {
			isa = PBXGroup;
			children = (
				615219742DBB280200DF4904 /* Foundation+Extensions.swift */,
			);
			path = Utils;
			sourceTree = "<group>";
		};
		615219802DBB34AF00DF4904 /* Infraestructure */ = {
			isa = PBXGroup;
			children = (
				615219812DBB34C000DF4904 /* Networking */,
			);
			path = Infraestructure;
			sourceTree = "<group>";
		};
		615219812DBB34C000DF4904 /* Networking */ = {
			isa = PBXGroup;
			children = (
				615219822DBB350300DF4904 /* URLSessionHTTPClient.swift */,
				615219862DBB3CC800DF4904 /* URLSessionErrorResolver.swift */,
				615219842DBB3CAA00DF4904 /* URLSessionRequestMaker.swift */,
			);
			path = Networking;
			sourceTree = "<group>";
		};
/* End PBXGroup section */

/* Begin PBXNativeTarget section */
		6152191D2DBB07CF00DF4904 /* CoinGeckoSwiftUI */ = {
			isa = PBXNativeTarget;
			buildConfigurationList = 6152193F2DBB07D100DF4904 /* Build configuration list for PBXNativeTarget "CoinGeckoSwiftUI" */;
			buildPhases = (
				6152191A2DBB07CF00DF4904 /* Sources */,
				6152191B2DBB07CF00DF4904 /* Frameworks */,
				6152191C2DBB07CF00DF4904 /* Resources */,
			);
			buildRules = (
			);
			dependencies = (
			);
			name = CoinGeckoSwiftUI;
			packageProductDependencies = (
			);
			productName = CoinGeckoSwiftUI;
			productReference = 6152191E2DBB07CF00DF4904 /* CoinGeckoSwiftUI.app */;
			productType = "com.apple.product-type.application";
		};
		6152192A2DBB07D100DF4904 /* CoinGeckoSwiftUITests */ = {
			isa = PBXNativeTarget;
			buildConfigurationList = 615219422DBB07D100DF4904 /* Build configuration list for PBXNativeTarget "CoinGeckoSwiftUITests" */;
			buildPhases = (
				615219272DBB07D100DF4904 /* Sources */,
				615219282DBB07D100DF4904 /* Frameworks */,
				615219292DBB07D100DF4904 /* Resources */,
			);
			buildRules = (
			);
			dependencies = (
				6152192D2DBB07D100DF4904 /* PBXTargetDependency */,
			);
			fileSystemSynchronizedGroups = (
				6152192E2DBB07D100DF4904 /* CoinGeckoSwiftUITests */,
			);
			name = CoinGeckoSwiftUITests;
			packageProductDependencies = (
			);
			productName = CoinGeckoSwiftUITests;
			productReference = 6152192B2DBB07D100DF4904 /* CoinGeckoSwiftUITests.xctest */;
			productType = "com.apple.product-type.bundle.unit-test";
		};
		615219342DBB07D100DF4904 /* CoinGeckoSwiftUIUITests */ = {
			isa = PBXNativeTarget;
			buildConfigurationList = 615219452DBB07D100DF4904 /* Build configuration list for PBXNativeTarget "CoinGeckoSwiftUIUITests" */;
			buildPhases = (
				615219312DBB07D100DF4904 /* Sources */,
				615219322DBB07D100DF4904 /* Frameworks */,
				615219332DBB07D100DF4904 /* Resources */,
			);
			buildRules = (
			);
			dependencies = (
				615219372DBB07D100DF4904 /* PBXTargetDependency */,
			);
			fileSystemSynchronizedGroups = (
				615219382DBB07D100DF4904 /* CoinGeckoSwiftUIUITests */,
			);
			name = CoinGeckoSwiftUIUITests;
			packageProductDependencies = (
			);
			productName = CoinGeckoSwiftUIUITests;
			productReference = 615219352DBB07D100DF4904 /* CoinGeckoSwiftUIUITests.xctest */;
			productType = "com.apple.product-type.bundle.ui-testing";
		};
/* End PBXNativeTarget section */

/* Begin PBXProject section */
		615219162DBB07CE00DF4904 /* Project object */ = {
			isa = PBXProject;
			attributes = {
				BuildIndependentTargetsInParallel = 1;
				LastSwiftUpdateCheck = 1630;
				LastUpgradeCheck = 1630;
				TargetAttributes = {
					6152191D2DBB07CF00DF4904 = {
						CreatedOnToolsVersion = 16.3;
					};
					6152192A2DBB07D100DF4904 = {
						CreatedOnToolsVersion = 16.3;
						TestTargetID = 6152191D2DBB07CF00DF4904;
					};
					615219342DBB07D100DF4904 = {
						CreatedOnToolsVersion = 16.3;
						TestTargetID = 6152191D2DBB07CF00DF4904;
					};
				};
			};
			buildConfigurationList = 615219192DBB07CE00DF4904 /* Build configuration list for PBXProject "CoinGeckoSwiftUI" */;
			developmentRegion = en;
			hasScannedForEncodings = 0;
			knownRegions = (
				en,
				Base,
			);
			mainGroup = 615219152DBB07CE00DF4904;
			minimizedProjectReferenceProxies = 1;
			preferredProjectObjectVersion = 77;
			productRefGroup = 6152191F2DBB07CF00DF4904 /* Products */;
			projectDirPath = "";
			projectRoot = "";
			targets = (
				6152191D2DBB07CF00DF4904 /* CoinGeckoSwiftUI */,
				6152192A2DBB07D100DF4904 /* CoinGeckoSwiftUITests */,
				615219342DBB07D100DF4904 /* CoinGeckoSwiftUIUITests */,
			);
		};
/* End PBXProject section */

/* Begin PBXResourcesBuildPhase section */
		6152191C2DBB07CF00DF4904 /* Resources */ = {
			isa = PBXResourcesBuildPhase;
			buildActionMask = 2147483647;
			files = (
				615219502DBB07F200DF4904 /* README.md in Resources */,
				6152194C2DBB07DE00DF4904 /* Assets.xcassets in Resources */,
			);
			runOnlyForDeploymentPostprocessing = 0;
		};
		615219292DBB07D100DF4904 /* Resources */ = {
			isa = PBXResourcesBuildPhase;
			buildActionMask = 2147483647;
			files = (
			);
			runOnlyForDeploymentPostprocessing = 0;
		};
		615219332DBB07D100DF4904 /* Resources */ = {
			isa = PBXResourcesBuildPhase;
			buildActionMask = 2147483647;
			files = (
			);
			runOnlyForDeploymentPostprocessing = 0;
		};
/* End PBXResourcesBuildPhase section */

/* Begin PBXSourcesBuildPhase section */
		6152191A2DBB07CF00DF4904 /* Sources */ = {
			isa = PBXSourcesBuildPhase;
			buildActionMask = 2147483647;
			files = (
				6152197D2DBB344100DF4904 /* HTTPMethod.swift in Sources */,
				6152194D2DBB07DE00DF4904 /* CoinGeckoSwiftUIApp.swift in Sources */,
				615219602DBB126100DF4904 /* CryptocurrencyRepository.swift in Sources */,
				615219522DBB0EAE00DF4904 /* Cryptocurrency.swift in Sources */,
				615219572DBB0FA100DF4904 /* GetGlobalCryptoList.swift in Sources */,
				615219672DBB195600DF4904 /* CryptocurrencyPriceInfoDTO.swift in Sources */,
				6152197F2DBB347C00DF4904 /* HTTPClient.swift in Sources */,
				615219652DBB192F00DF4904 /* CryptocurrencyBasicDTO.swift in Sources */,
				6152195A2DBB11CF00DF4904 /* GlobalCryptoListRepositoryType.swift in Sources */,
				6152196A2DBB19A400DF4904 /* HTTPClientError.swift in Sources */,
				615219752DBB280200DF4904 /* Foundation+Extensions.swift in Sources */,
				615219852DBB3CAA00DF4904 /* URLSessionRequestMaker.swift in Sources */,
				6152196E2DBB270000DF4904 /* CryptocurrencyDomainMapper.swift in Sources */,
				6152197B2DBB341400DF4904 /* Endpoint.swift in Sources */,
				615219772DBB2AC200DF4904 /* APICryptoDataSource.swift in Sources */,
				615219832DBB350300DF4904 /* URLSessionHTTPClient.swift in Sources */,
				6152196C2DBB19DA00DF4904 /* ApiDataSourceType.swift in Sources */,
				615219792DBB2CCD00DF4904 /* CryptocurrencyGlobalInfoDTO.swift in Sources */,
				6152195C2DBB120E00DF4904 /* CryptocurrencyDomainError.swift in Sources */,
				615219722DBB27AB00DF4904 /* CryptocurrencyDomainErrorMapper.swift in Sources */,
				6152194E2DBB07DE00DF4904 /* ContentView.swift in Sources */,
				615219872DBB3CC800DF4904 /* URLSessionErrorResolver.swift in Sources */,
				615219702DBB275A00DF4904 /* CryptocurrencyBuilder.swift in Sources */,
			);
			runOnlyForDeploymentPostprocessing = 0;
		};
		615219272DBB07D100DF4904 /* Sources */ = {
			isa = PBXSourcesBuildPhase;
			buildActionMask = 2147483647;
			files = (
			);
			runOnlyForDeploymentPostprocessing = 0;
		};
		615219312DBB07D100DF4904 /* Sources */ = {
			isa = PBXSourcesBuildPhase;
			buildActionMask = 2147483647;
			files = (
			);
			runOnlyForDeploymentPostprocessing = 0;
		};
/* End PBXSourcesBuildPhase section */

/* Begin PBXTargetDependency section */
		6152192D2DBB07D100DF4904 /* PBXTargetDependency */ = {
			isa = PBXTargetDependency;
			target = 6152191D2DBB07CF00DF4904 /* CoinGeckoSwiftUI */;
			targetProxy = 6152192C2DBB07D100DF4904 /* PBXContainerItemProxy */;
		};
		615219372DBB07D100DF4904 /* PBXTargetDependency */ = {
			isa = PBXTargetDependency;
			target = 6152191D2DBB07CF00DF4904 /* CoinGeckoSwiftUI */;
			targetProxy = 615219362DBB07D100DF4904 /* PBXContainerItemProxy */;
		};
/* End PBXTargetDependency section */

/* Begin XCBuildConfiguration section */
		6152193D2DBB07D100DF4904 /* Debug */ = {
			isa = XCBuildConfiguration;
			buildSettings = {
				ALWAYS_SEARCH_USER_PATHS = NO;
				ASSETCATALOG_COMPILER_GENERATE_SWIFT_ASSET_SYMBOL_EXTENSIONS = YES;
				CLANG_ANALYZER_NONNULL = YES;
				CLANG_ANALYZER_NUMBER_OBJECT_CONVERSION = YES_AGGRESSIVE;
				CLANG_CXX_LANGUAGE_STANDARD = "gnu++20";
				CLANG_ENABLE_MODULES = YES;
				CLANG_ENABLE_OBJC_ARC = YES;
				CLANG_ENABLE_OBJC_WEAK = YES;
				CLANG_WARN_BLOCK_CAPTURE_AUTORELEASING = YES;
				CLANG_WARN_BOOL_CONVERSION = YES;
				CLANG_WARN_COMMA = YES;
				CLANG_WARN_CONSTANT_CONVERSION = YES;
				CLANG_WARN_DEPRECATED_OBJC_IMPLEMENTATIONS = YES;
				CLANG_WARN_DIRECT_OBJC_ISA_USAGE = YES_ERROR;
				CLANG_WARN_DOCUMENTATION_COMMENTS = YES;
				CLANG_WARN_EMPTY_BODY = YES;
				CLANG_WARN_ENUM_CONVERSION = YES;
				CLANG_WARN_INFINITE_RECURSION = YES;
				CLANG_WARN_INT_CONVERSION = YES;
				CLANG_WARN_NON_LITERAL_NULL_CONVERSION = YES;
				CLANG_WARN_OBJC_IMPLICIT_RETAIN_SELF = YES;
				CLANG_WARN_OBJC_LITERAL_CONVERSION = YES;
				CLANG_WARN_OBJC_ROOT_CLASS = YES_ERROR;
				CLANG_WARN_QUOTED_INCLUDE_IN_FRAMEWORK_HEADER = YES;
				CLANG_WARN_RANGE_LOOP_ANALYSIS = YES;
				CLANG_WARN_STRICT_PROTOTYPES = YES;
				CLANG_WARN_SUSPICIOUS_MOVE = YES;
				CLANG_WARN_UNGUARDED_AVAILABILITY = YES_AGGRESSIVE;
				CLANG_WARN_UNREACHABLE_CODE = YES;
				CLANG_WARN__DUPLICATE_METHOD_MATCH = YES;
				COPY_PHASE_STRIP = NO;
				DEBUG_INFORMATION_FORMAT = dwarf;
				DEVELOPMENT_TEAM = 4FXJ5W7FM5;
				ENABLE_STRICT_OBJC_MSGSEND = YES;
				ENABLE_TESTABILITY = YES;
				ENABLE_USER_SCRIPT_SANDBOXING = YES;
				GCC_C_LANGUAGE_STANDARD = gnu17;
				GCC_DYNAMIC_NO_PIC = NO;
				GCC_NO_COMMON_BLOCKS = YES;
				GCC_OPTIMIZATION_LEVEL = 0;
				GCC_PREPROCESSOR_DEFINITIONS = (
					"DEBUG=1",
					"$(inherited)",
				);
				GCC_WARN_64_TO_32_BIT_CONVERSION = YES;
				GCC_WARN_ABOUT_RETURN_TYPE = YES_ERROR;
				GCC_WARN_UNDECLARED_SELECTOR = YES;
				GCC_WARN_UNINITIALIZED_AUTOS = YES_AGGRESSIVE;
				GCC_WARN_UNUSED_FUNCTION = YES;
				GCC_WARN_UNUSED_VARIABLE = YES;
				IPHONEOS_DEPLOYMENT_TARGET = 18.4;
				LOCALIZATION_PREFERS_STRING_CATALOGS = YES;
				MTL_ENABLE_DEBUG_INFO = INCLUDE_SOURCE;
				MTL_FAST_MATH = YES;
				ONLY_ACTIVE_ARCH = YES;
				SDKROOT = iphoneos;
				SWIFT_ACTIVE_COMPILATION_CONDITIONS = "DEBUG $(inherited)";
				SWIFT_OPTIMIZATION_LEVEL = "-Onone";
			};
			name = Debug;
		};
		6152193E2DBB07D100DF4904 /* Release */ = {
			isa = XCBuildConfiguration;
			buildSettings = {
				ALWAYS_SEARCH_USER_PATHS = NO;
				ASSETCATALOG_COMPILER_GENERATE_SWIFT_ASSET_SYMBOL_EXTENSIONS = YES;
				CLANG_ANALYZER_NONNULL = YES;
				CLANG_ANALYZER_NUMBER_OBJECT_CONVERSION = YES_AGGRESSIVE;
				CLANG_CXX_LANGUAGE_STANDARD = "gnu++20";
				CLANG_ENABLE_MODULES = YES;
				CLANG_ENABLE_OBJC_ARC = YES;
				CLANG_ENABLE_OBJC_WEAK = YES;
				CLANG_WARN_BLOCK_CAPTURE_AUTORELEASING = YES;
				CLANG_WARN_BOOL_CONVERSION = YES;
				CLANG_WARN_COMMA = YES;
				CLANG_WARN_CONSTANT_CONVERSION = YES;
				CLANG_WARN_DEPRECATED_OBJC_IMPLEMENTATIONS = YES;
				CLANG_WARN_DIRECT_OBJC_ISA_USAGE = YES_ERROR;
				CLANG_WARN_DOCUMENTATION_COMMENTS = YES;
				CLANG_WARN_EMPTY_BODY = YES;
				CLANG_WARN_ENUM_CONVERSION = YES;
				CLANG_WARN_INFINITE_RECURSION = YES;
				CLANG_WARN_INT_CONVERSION = YES;
				CLANG_WARN_NON_LITERAL_NULL_CONVERSION = YES;
				CLANG_WARN_OBJC_IMPLICIT_RETAIN_SELF = YES;
				CLANG_WARN_OBJC_LITERAL_CONVERSION = YES;
				CLANG_WARN_OBJC_ROOT_CLASS = YES_ERROR;
				CLANG_WARN_QUOTED_INCLUDE_IN_FRAMEWORK_HEADER = YES;
				CLANG_WARN_RANGE_LOOP_ANALYSIS = YES;
				CLANG_WARN_STRICT_PROTOTYPES = YES;
				CLANG_WARN_SUSPICIOUS_MOVE = YES;
				CLANG_WARN_UNGUARDED_AVAILABILITY = YES_AGGRESSIVE;
				CLANG_WARN_UNREACHABLE_CODE = YES;
				CLANG_WARN__DUPLICATE_METHOD_MATCH = YES;
				COPY_PHASE_STRIP = NO;
				DEBUG_INFORMATION_FORMAT = "dwarf-with-dsym";
				DEVELOPMENT_TEAM = 4FXJ5W7FM5;
				ENABLE_NS_ASSERTIONS = NO;
				ENABLE_STRICT_OBJC_MSGSEND = YES;
				ENABLE_USER_SCRIPT_SANDBOXING = YES;
				GCC_C_LANGUAGE_STANDARD = gnu17;
				GCC_NO_COMMON_BLOCKS = YES;
				GCC_WARN_64_TO_32_BIT_CONVERSION = YES;
				GCC_WARN_ABOUT_RETURN_TYPE = YES_ERROR;
				GCC_WARN_UNDECLARED_SELECTOR = YES;
				GCC_WARN_UNINITIALIZED_AUTOS = YES_AGGRESSIVE;
				GCC_WARN_UNUSED_FUNCTION = YES;
				GCC_WARN_UNUSED_VARIABLE = YES;
				IPHONEOS_DEPLOYMENT_TARGET = 18.4;
				LOCALIZATION_PREFERS_STRING_CATALOGS = YES;
				MTL_ENABLE_DEBUG_INFO = NO;
				MTL_FAST_MATH = YES;
				SDKROOT = iphoneos;
				SWIFT_COMPILATION_MODE = wholemodule;
				VALIDATE_PRODUCT = YES;
			};
			name = Release;
		};
		615219402DBB07D100DF4904 /* Debug */ = {
			isa = XCBuildConfiguration;
			buildSettings = {
				ASSETCATALOG_COMPILER_APPICON_NAME = AppIcon;
				ASSETCATALOG_COMPILER_GLOBAL_ACCENT_COLOR_NAME = AccentColor;
				CODE_SIGN_STYLE = Automatic;
				CURRENT_PROJECT_VERSION = 1;
				DEVELOPMENT_TEAM = 4FXJ5W7FM5;
				ENABLE_PREVIEWS = YES;
				GENERATE_INFOPLIST_FILE = YES;
				INFOPLIST_KEY_UIApplicationSceneManifest_Generation = YES;
				INFOPLIST_KEY_UIApplicationSupportsIndirectInputEvents = YES;
				INFOPLIST_KEY_UILaunchScreen_Generation = YES;
				INFOPLIST_KEY_UISupportedInterfaceOrientations_iPad = "UIInterfaceOrientationPortrait UIInterfaceOrientationPortraitUpsideDown UIInterfaceOrientationLandscapeLeft UIInterfaceOrientationLandscapeRight";
				INFOPLIST_KEY_UISupportedInterfaceOrientations_iPhone = "UIInterfaceOrientationPortrait UIInterfaceOrientationLandscapeLeft UIInterfaceOrientationLandscapeRight";
				LD_RUNPATH_SEARCH_PATHS = (
					"$(inherited)",
					"@executable_path/Frameworks",
				);
				MARKETING_VERSION = 1.0;
				PRODUCT_BUNDLE_IDENTIFIER = com.iManzi.CoinGeckoSwiftUI;
				PRODUCT_NAME = "$(TARGET_NAME)";
				SWIFT_EMIT_LOC_STRINGS = YES;
				SWIFT_VERSION = 5.0;
				TARGETED_DEVICE_FAMILY = "1,2";
			};
			name = Debug;
		};
		615219412DBB07D100DF4904 /* Release */ = {
			isa = XCBuildConfiguration;
			buildSettings = {
				ASSETCATALOG_COMPILER_APPICON_NAME = AppIcon;
				ASSETCATALOG_COMPILER_GLOBAL_ACCENT_COLOR_NAME = AccentColor;
				CODE_SIGN_STYLE = Automatic;
				CURRENT_PROJECT_VERSION = 1;
				DEVELOPMENT_TEAM = 4FXJ5W7FM5;
				ENABLE_PREVIEWS = YES;
				GENERATE_INFOPLIST_FILE = YES;
				INFOPLIST_KEY_UIApplicationSceneManifest_Generation = YES;
				INFOPLIST_KEY_UIApplicationSupportsIndirectInputEvents = YES;
				INFOPLIST_KEY_UILaunchScreen_Generation = YES;
				INFOPLIST_KEY_UISupportedInterfaceOrientations_iPad = "UIInterfaceOrientationPortrait UIInterfaceOrientationPortraitUpsideDown UIInterfaceOrientationLandscapeLeft UIInterfaceOrientationLandscapeRight";
				INFOPLIST_KEY_UISupportedInterfaceOrientations_iPhone = "UIInterfaceOrientationPortrait UIInterfaceOrientationLandscapeLeft UIInterfaceOrientationLandscapeRight";
				LD_RUNPATH_SEARCH_PATHS = (
					"$(inherited)",
					"@executable_path/Frameworks",
				);
				MARKETING_VERSION = 1.0;
				PRODUCT_BUNDLE_IDENTIFIER = com.iManzi.CoinGeckoSwiftUI;
				PRODUCT_NAME = "$(TARGET_NAME)";
				SWIFT_EMIT_LOC_STRINGS = YES;
				SWIFT_VERSION = 5.0;
				TARGETED_DEVICE_FAMILY = "1,2";
			};
			name = Release;
		};
		615219432DBB07D100DF4904 /* Debug */ = {
			isa = XCBuildConfiguration;
			buildSettings = {
				BUNDLE_LOADER = "$(TEST_HOST)";
				CODE_SIGN_STYLE = Automatic;
				CURRENT_PROJECT_VERSION = 1;
				DEVELOPMENT_TEAM = 4FXJ5W7FM5;
				GENERATE_INFOPLIST_FILE = YES;
				IPHONEOS_DEPLOYMENT_TARGET = 18.4;
				MARKETING_VERSION = 1.0;
				PRODUCT_BUNDLE_IDENTIFIER = com.iManzi.CoinGeckoSwiftUITests;
				PRODUCT_NAME = "$(TARGET_NAME)";
				SWIFT_EMIT_LOC_STRINGS = NO;
				SWIFT_VERSION = 5.0;
				TARGETED_DEVICE_FAMILY = "1,2";
				TEST_HOST = "$(BUILT_PRODUCTS_DIR)/CoinGeckoSwiftUI.app/$(BUNDLE_EXECUTABLE_FOLDER_PATH)/CoinGeckoSwiftUI";
			};
			name = Debug;
		};
		615219442DBB07D100DF4904 /* Release */ = {
			isa = XCBuildConfiguration;
			buildSettings = {
				BUNDLE_LOADER = "$(TEST_HOST)";
				CODE_SIGN_STYLE = Automatic;
				CURRENT_PROJECT_VERSION = 1;
				DEVELOPMENT_TEAM = 4FXJ5W7FM5;
				GENERATE_INFOPLIST_FILE = YES;
				IPHONEOS_DEPLOYMENT_TARGET = 18.4;
				MARKETING_VERSION = 1.0;
				PRODUCT_BUNDLE_IDENTIFIER = com.iManzi.CoinGeckoSwiftUITests;
				PRODUCT_NAME = "$(TARGET_NAME)";
				SWIFT_EMIT_LOC_STRINGS = NO;
				SWIFT_VERSION = 5.0;
				TARGETED_DEVICE_FAMILY = "1,2";
				TEST_HOST = "$(BUILT_PRODUCTS_DIR)/CoinGeckoSwiftUI.app/$(BUNDLE_EXECUTABLE_FOLDER_PATH)/CoinGeckoSwiftUI";
			};
			name = Release;
		};
		615219462DBB07D100DF4904 /* Debug */ = {
			isa = XCBuildConfiguration;
			buildSettings = {
				CODE_SIGN_STYLE = Automatic;
				CURRENT_PROJECT_VERSION = 1;
				DEVELOPMENT_TEAM = 4FXJ5W7FM5;
				GENERATE_INFOPLIST_FILE = YES;
				MARKETING_VERSION = 1.0;
				PRODUCT_BUNDLE_IDENTIFIER = com.iManzi.CoinGeckoSwiftUIUITests;
				PRODUCT_NAME = "$(TARGET_NAME)";
				SWIFT_EMIT_LOC_STRINGS = NO;
				SWIFT_VERSION = 5.0;
				TARGETED_DEVICE_FAMILY = "1,2";
				TEST_TARGET_NAME = CoinGeckoSwiftUI;
			};
			name = Debug;
		};
		615219472DBB07D100DF4904 /* Release */ = {
			isa = XCBuildConfiguration;
			buildSettings = {
				CODE_SIGN_STYLE = Automatic;
				CURRENT_PROJECT_VERSION = 1;
				DEVELOPMENT_TEAM = 4FXJ5W7FM5;
				GENERATE_INFOPLIST_FILE = YES;
				MARKETING_VERSION = 1.0;
				PRODUCT_BUNDLE_IDENTIFIER = com.iManzi.CoinGeckoSwiftUIUITests;
				PRODUCT_NAME = "$(TARGET_NAME)";
				SWIFT_EMIT_LOC_STRINGS = NO;
				SWIFT_VERSION = 5.0;
				TARGETED_DEVICE_FAMILY = "1,2";
				TEST_TARGET_NAME = CoinGeckoSwiftUI;
			};
			name = Release;
		};
/* End XCBuildConfiguration section */

/* Begin XCConfigurationList section */
		615219192DBB07CE00DF4904 /* Build configuration list for PBXProject "CoinGeckoSwiftUI" */ = {
			isa = XCConfigurationList;
			buildConfigurations = (
				6152193D2DBB07D100DF4904 /* Debug */,
				6152193E2DBB07D100DF4904 /* Release */,
			);
			defaultConfigurationIsVisible = 0;
			defaultConfigurationName = Release;
		};
		6152193F2DBB07D100DF4904 /* Build configuration list for PBXNativeTarget "CoinGeckoSwiftUI" */ = {
			isa = XCConfigurationList;
			buildConfigurations = (
				615219402DBB07D100DF4904 /* Debug */,
				615219412DBB07D100DF4904 /* Release */,
			);
			defaultConfigurationIsVisible = 0;
			defaultConfigurationName = Release;
		};
		615219422DBB07D100DF4904 /* Build configuration list for PBXNativeTarget "CoinGeckoSwiftUITests" */ = {
			isa = XCConfigurationList;
			buildConfigurations = (
				615219432DBB07D100DF4904 /* Debug */,
				615219442DBB07D100DF4904 /* Release */,
			);
			defaultConfigurationIsVisible = 0;
			defaultConfigurationName = Release;
		};
		615219452DBB07D100DF4904 /* Build configuration list for PBXNativeTarget "CoinGeckoSwiftUIUITests" */ = {
			isa = XCConfigurationList;
			buildConfigurations = (
				615219462DBB07D100DF4904 /* Debug */,
				615219472DBB07D100DF4904 /* Release */,
			);
			defaultConfigurationIsVisible = 0;
			defaultConfigurationName = Release;
		};
/* End XCConfigurationList section */
	};
	rootObject = 615219162DBB07CE00DF4904 /* Project object */;
}
