// !$*UTF8*$!
{
	archiveVersion = 1;
	classes = {
	};
	objectVersion = 77;
	objects = {

/* Begin PBXContainerItemProxy section */
		6152192C2DBB07D100DF4904 /* PBXContainerItemProxy */ = {
			isa = PBXContainerItemProxy;
			containerPortal = 615219162DBB07CE00DF4904 /* Project object */;
			proxyType = 1;
			remoteGlobalIDString = 6152191D2DBB07CF00DF4904;
			remoteInfo = CoinGeckoSwiftUI;
		};
		615219362DBB07D100DF4904 /* PBXContainerItemProxy */ = {
			isa = PBXContainerItemProxy;
			containerPortal = 615219162DBB07CE00DF4904 /* Project object */;
			proxyType = 1;
			remoteGlobalIDString = 6152191D2DBB07CF00DF4904;
			remoteInfo = CoinGeckoSwiftUI;
		};
/* End PBXContainerItemProxy section */

/* Begin PBXFileReference section */
		6152191E2DBB07CF00DF4904 /* CoinGeckoSwiftUI.app */ = {isa = PBXFileReference; explicitFileType = wrapper.application; includeInIndex = 0; path = CoinGeckoSwiftUI.app; sourceTree = BUILT_PRODUCTS_DIR; };
		6152192B2DBB07D100DF4904 /* CoinGeckoSwiftUITests.xctest */ = {isa = PBXFileReference; explicitFileType = wrapper.cfbundle; includeInIndex = 0; path = CoinGeckoSwiftUITests.xctest; sourceTree = BUILT_PRODUCTS_DIR; };
		615219352DBB07D100DF4904 /* CoinGeckoSwiftUIUITests.xctest */ = {isa = PBXFileReference; explicitFileType = wrapper.cfbundle; includeInIndex = 0; path = CoinGeckoSwiftUIUITests.xctest; sourceTree = BUILT_PRODUCTS_DIR; };
/* End PBXFileReference section */

/* Begin PBXFileSystemSynchronizedRootGroup section */
		615219202DBB07CF00DF4904 /* CoinGeckoSwiftUI */ = {
			isa = PBXFileSystemSynchronizedRootGroup;
			path = CoinGeckoSwiftUI;
			sourceTree = "<group>";
		};
		6152192E2DBB07D100DF4904 /* CoinGeckoSwiftUITests */ = {
			isa = PBXFileSystemSynchronizedRootGroup;
			path = CoinGeckoSwiftUITests;
			sourceTree = "<group>";
		};
		615219382DBB07D100DF4904 /* CoinGeckoSwiftUIUITests */ = {
			isa = PBXFileSystemSynchronizedRootGroup;
			path = CoinGeckoSwiftUIUITests;
			sourceTree = "<group>";
		};
/* End PBXFileSystemSynchronizedRootGroup section */

/* Begin PBXFrameworksBuildPhase section */
		6152191B2DBB07CF00DF4904 /* Frameworks */ = {
			isa = PBXFrameworksBuildPhase;
			buildActionMask = 2147483647;
			files = (
			);
			runOnlyForDeploymentPostprocessing = 0;
		};
		615219282DBB07D100DF4904 /* Frameworks */ = {
			isa = PBXFrameworksBuildPhase;
			buildActionMask = 2147483647;
			files = (
			);
			runOnlyForDeploymentPostprocessing = 0;
		};
		615219322DBB07D100DF4904 /* Frameworks */ = {
			isa = PBXFrameworksBuildPhase;
			buildActionMask = 2147483647;
			files = (
			);
			runOnlyForDeploymentPostprocessing = 0;
		};
/* End PBXFrameworksBuildPhase section */

/* Begin PBXGroup section */
		615219152DBB07CE00DF4904 = {
			isa = PBXGroup;
			children = (
				615219202DBB07CF00DF4904 /* CoinGeckoSwiftUI */,
				6152192E2DBB07D100DF4904 /* CoinGeckoSwiftUITests */,
				615219382DBB07D100DF4904 /* CoinGeckoSwiftUIUITests */,
				6152191F2DBB07CF00DF4904 /* Products */,
			);
			sourceTree = "<group>";
		};
		6152191F2DBB07CF00DF4904 /* Products */ = {
			isa = PBXGroup;
			children = (
				6152191E2DBB07CF00DF4904 /* CoinGeckoSwiftUI.app */,
				6152192B2DBB07D100DF4904 /* CoinGeckoSwiftUITests.xctest */,
				615219352DBB07D100DF4904 /* CoinGeckoSwiftUIUITests.xctest */,
			);
			name = Products;
			sourceTree = "<group>";
		};
/* End PBXGroup section */

/* Begin PBXNativeTarget section */
		6152191D2DBB07CF00DF4904 /* CoinGeckoSwiftUI */ = {
			isa = PBXNativeTarget;
			buildConfigurationList = 6152193F2DBB07D100DF4904 /* Build configuration list for PBXNativeTarget "CoinGeckoSwiftUI" */;
			buildPhases = (
				6152191A2DBB07CF00DF4904 /* Sources */,
				6152191B2DBB07CF00DF4904 /* Frameworks */,
				6152191C2DBB07CF00DF4904 /* Resources */,
			);
			buildRules = (
			);
			dependencies = (
			);
			fileSystemSynchronizedGroups = (
				615219202DBB07CF00DF4904 /* CoinGeckoSwiftUI */,
			);
			name = CoinGeckoSwiftUI;
			packageProductDependencies = (
			);
			productName = CoinGeckoSwiftUI;
			productReference = 6152191E2DBB07CF00DF4904 /* CoinGeckoSwiftUI.app */;
			productType = "com.apple.product-type.application";
		};
		6152192A2DBB07D100DF4904 /* CoinGeckoSwiftUITests */ = {
			isa = PBXNativeTarget;
			buildConfigurationList = 615219422DBB07D100DF4904 /* Build configuration list for PBXNativeTarget "CoinGeckoSwiftUITests" */;
			buildPhases = (
				615219272DBB07D100DF4904 /* Sources */,
				615219282DBB07D100DF4904 /* Frameworks */,
				615219292DBB07D100DF4904 /* Resources */,
			);
			buildRules = (
			);
			dependencies = (
				6152192D2DBB07D100DF4904 /* PBXTargetDependency */,
			);
			fileSystemSynchronizedGroups = (
				6152192E2DBB07D100DF4904 /* CoinGeckoSwiftUITests */,
			);
			name = CoinGeckoSwiftUITests;
			packageProductDependencies = (
			);
			productName = CoinGeckoSwiftUITests;
			productReference = 6152192B2DBB07D100DF4904 /* CoinGeckoSwiftUITests.xctest */;
			productType = "com.apple.product-type.bundle.unit-test";
		};
		615219342DBB07D100DF4904 /* CoinGeckoSwiftUIUITests */ = {
			isa = PBXNativeTarget;
			buildConfigurationList = 615219452DBB07D100DF4904 /* Build configuration list for PBXNativeTarget "CoinGeckoSwiftUIUITests" */;
			buildPhases = (
				615219312DBB07D100DF4904 /* Sources */,
				615219322DBB07D100DF4904 /* Frameworks */,
				615219332DBB07D100DF4904 /* Resources */,
			);
			buildRules = (
			);
			dependencies = (
				615219372DBB07D100DF4904 /* PBXTargetDependency */,
			);
			fileSystemSynchronizedGroups = (
				615219382DBB07D100DF4904 /* CoinGeckoSwiftUIUITests */,
			);
			name = CoinGeckoSwiftUIUITests;
			packageProductDependencies = (
			);
			productName = CoinGeckoSwiftUIUITests;
			productReference = 615219352DBB07D100DF4904 /* CoinGeckoSwiftUIUITests.xctest */;
			productType = "com.apple.product-type.bundle.ui-testing";
		};
/* End PBXNativeTarget section */

/* Begin PBXProject section */
		615219162DBB07CE00DF4904 /* Project object */ = {
			isa = PBXProject;
			attributes = {
				BuildIndependentTargetsInParallel = 1;
				LastSwiftUpdateCheck = 1630;
				LastUpgradeCheck = 1630;
				TargetAttributes = {
					6152191D2DBB07CF00DF4904 = {
						CreatedOnToolsVersion = 16.3;
					};
					6152192A2DBB07D100DF4904 = {
						CreatedOnToolsVersion = 16.3;
						TestTargetID = 6152191D2DBB07CF00DF4904;
					};
					615219342DBB07D100DF4904 = {
						CreatedOnToolsVersion = 16.3;
						TestTargetID = 6152191D2DBB07CF00DF4904;
					};
				};
			};
			buildConfigurationList = 615219192DBB07CE00DF4904 /* Build configuration list for PBXProject "CoinGeckoSwiftUI" */;
			developmentRegion = en;
			hasScannedForEncodings = 0;
			knownRegions = (
				en,
				Base,
			);
			mainGroup = 615219152DBB07CE00DF4904;
			minimizedProjectReferenceProxies = 1;
			preferredProjectObjectVersion = 77;
			productRefGroup = 6152191F2DBB07CF00DF4904 /* Products */;
			projectDirPath = "";
			projectRoot = "";
			targets = (
				6152191D2DBB07CF00DF4904 /* CoinGeckoSwiftUI */,
				6152192A2DBB07D100DF4904 /* CoinGeckoSwiftUITests */,
				615219342DBB07D100DF4904 /* CoinGeckoSwiftUIUITests */,
			);
		};
/* End PBXProject section */

/* Begin PBXResourcesBuildPhase section */
		6152191C2DBB07CF00DF4904 /* Resources */ = {
			isa = PBXResourcesBuildPhase;
			buildActionMask = 2147483647;
			files = (
			);
			runOnlyForDeploymentPostprocessing = 0;
		};
		615219292DBB07D100DF4904 /* Resources */ = {
			isa = PBXResourcesBuildPhase;
			buildActionMask = 2147483647;
			files = (
			);
			runOnlyForDeploymentPostprocessing = 0;
		};
		615219332DBB07D100DF4904 /* Resources */ = {
			isa = PBXResourcesBuildPhase;
			buildActionMask = 2147483647;
			files = (
			);
			runOnlyForDeploymentPostprocessing = 0;
		};
/* End PBXResourcesBuildPhase section */

/* Begin PBXSourcesBuildPhase section */
		6152191A2DBB07CF00DF4904 /* Sources */ = {
			isa = PBXSourcesBuildPhase;
			buildActionMask = 2147483647;
			files = (
			);
			runOnlyForDeploymentPostprocessing = 0;
		};
		615219272DBB07D100DF4904 /* Sources */ = {
			isa = PBXSourcesBuildPhase;
			buildActionMask = 2147483647;
			files = (
			);
			runOnlyForDeploymentPostprocessing = 0;
		};
		615219312DBB07D100DF4904 /* Sources */ = {
			isa = PBXSourcesBuildPhase;
			buildActionMask = 2147483647;
			files = (
			);
			runOnlyForDeploymentPostprocessing = 0;
		};
/* End PBXSourcesBuildPhase section */

/* Begin PBXTargetDependency section */
		6152192D2DBB07D100DF4904 /* PBXTargetDependency */ = {
			isa = PBXTargetDependency;
			target = 6152191D2DBB07CF00DF4904 /* CoinGeckoSwiftUI */;
			targetProxy = 6152192C2DBB07D100DF4904 /* PBXContainerItemProxy */;
		};
		615219372DBB07D100DF4904 /* PBXTargetDependency */ = {
			isa = PBXTargetDependency;
			target = 6152191D2DBB07CF00DF4904 /* CoinGeckoSwiftUI */;
			targetProxy = 615219362DBB07D100DF4904 /* PBXContainerItemProxy */;
		};
/* End PBXTargetDependency section */

/* Begin XCBuildConfiguration section */
		6152193D2DBB07D100DF4904 /* Debug */ = {
			isa = XCBuildConfiguration;
			buildSettings = {
				ALWAYS_SEARCH_USER_PATHS = NO;
				ASSETCATALOG_COMPILER_GENERATE_SWIFT_ASSET_SYMBOL_EXTENSIONS = YES;
				CLANG_ANALYZER_NONNULL = YES;
				CLANG_ANALYZER_NUMBER_OBJECT_CONVERSION = YES_AGGRESSIVE;
				CLANG_CXX_LANGUAGE_STANDARD = "gnu++20";
				CLANG_ENABLE_MODULES = YES;
				CLANG_ENABLE_OBJC_ARC = YES;
				CLANG_ENABLE_OBJC_WEAK = YES;
				CLANG_WARN_BLOCK_CAPTURE_AUTORELEASING = YES;
				CLANG_WARN_BOOL_CONVERSION = YES;
				CLANG_WARN_COMMA = YES;
				CLANG_WARN_CONSTANT_CONVERSION = YES;
				CLANG_WARN_DEPRECATED_OBJC_IMPLEMENTATIONS = YES;
				CLANG_WARN_DIRECT_OBJC_ISA_USAGE = YES_ERROR;
				CLANG_WARN_DOCUMENTATION_COMMENTS = YES;
				CLANG_WARN_EMPTY_BODY = YES;
				CLANG_WARN_ENUM_CONVERSION = YES;
				CLANG_WARN_INFINITE_RECURSION = YES;
				CLANG_WARN_INT_CONVERSION = YES;
				CLANG_WARN_NON_LITERAL_NULL_CONVERSION = YES;
				CLANG_WARN_OBJC_IMPLICIT_RETAIN_SELF = YES;
				CLANG_WARN_OBJC_LITERAL_CONVERSION = YES;
				CLANG_WARN_OBJC_ROOT_CLASS = YES_ERROR;
				CLANG_WARN_QUOTED_INCLUDE_IN_FRAMEWORK_HEADER = YES;
				CLANG_WARN_RANGE_LOOP_ANALYSIS = YES;
				CLANG_WARN_STRICT_PROTOTYPES = YES;
				CLANG_WARN_SUSPICIOUS_MOVE = YES;
				CLANG_WARN_UNGUARDED_AVAILABILITY = YES_AGGRESSIVE;
				CLANG_WARN_UNREACHABLE_CODE = YES;
				CLANG_WARN__DUPLICATE_METHOD_MATCH = YES;
				COPY_PHASE_STRIP = NO;
				DEBUG_INFORMATION_FORMAT = dwarf;
				DEVELOPMENT_TEAM = 4FXJ5W7FM5;
				ENABLE_STRICT_OBJC_MSGSEND = YES;
				ENABLE_TESTABILITY = YES;
				ENABLE_USER_SCRIPT_SANDBOXING = YES;
				GCC_C_LANGUAGE_STANDARD = gnu17;
				GCC_DYNAMIC_NO_PIC = NO;
				GCC_NO_COMMON_BLOCKS = YES;
				GCC_OPTIMIZATION_LEVEL = 0;
				GCC_PREPROCESSOR_DEFINITIONS = (
					"DEBUG=1",
					"$(inherited)",
				);
				GCC_WARN_64_TO_32_BIT_CONVERSION = YES;
				GCC_WARN_ABOUT_RETURN_TYPE = YES_ERROR;
				GCC_WARN_UNDECLARED_SELECTOR = YES;
				GCC_WARN_UNINITIALIZED_AUTOS = YES_AGGRESSIVE;
				GCC_WARN_UNUSED_FUNCTION = YES;
				GCC_WARN_UNUSED_VARIABLE = YES;
				IPHONEOS_DEPLOYMENT_TARGET = 18.4;
				LOCALIZATION_PREFERS_STRING_CATALOGS = YES;
				MTL_ENABLE_DEBUG_INFO = INCLUDE_SOURCE;
				MTL_FAST_MATH = YES;
				ONLY_ACTIVE_ARCH = YES;
				SDKROOT = iphoneos;
				SWIFT_ACTIVE_COMPILATION_CONDITIONS = "DEBUG $(inherited)";
				SWIFT_OPTIMIZATION_LEVEL = "-Onone";
			};
			name = Debug;
		};
		6152193E2DBB07D100DF4904 /* Release */ = {
			isa = XCBuildConfiguration;
			buildSettings = {
				ALWAYS_SEARCH_USER_PATHS = NO;
				ASSETCATALOG_COMPILER_GENERATE_SWIFT_ASSET_SYMBOL_EXTENSIONS = YES;
				CLANG_ANALYZER_NONNULL = YES;
				CLANG_ANALYZER_NUMBER_OBJECT_CONVERSION = YES_AGGRESSIVE;
				CLANG_CXX_LANGUAGE_STANDARD = "gnu++20";
				CLANG_ENABLE_MODULES = YES;
				CLANG_ENABLE_OBJC_ARC = YES;
				CLANG_ENABLE_OBJC_WEAK = YES;
				CLANG_WARN_BLOCK_CAPTURE_AUTORELEASING = YES;
				CLANG_WARN_BOOL_CONVERSION = YES;
				CLANG_WARN_COMMA = YES;
				CLANG_WARN_CONSTANT_CONVERSION = YES;
				CLANG_WARN_DEPRECATED_OBJC_IMPLEMENTATIONS = YES;
				CLANG_WARN_DIRECT_OBJC_ISA_USAGE = YES_ERROR;
				CLANG_WARN_DOCUMENTATION_COMMENTS = YES;
				CLANG_WARN_EMPTY_BODY = YES;
				CLANG_WARN_ENUM_CONVERSION = YES;
				CLANG_WARN_INFINITE_RECURSION = YES;
				CLANG_WARN_INT_CONVERSION = YES;
				CLANG_WARN_NON_LITERAL_NULL_CONVERSION = YES;
				CLANG_WARN_OBJC_IMPLICIT_RETAIN_SELF = YES;
				CLANG_WARN_OBJC_LITERAL_CONVERSION = YES;
				CLANG_WARN_OBJC_ROOT_CLASS = YES_ERROR;
				CLANG_WARN_QUOTED_INCLUDE_IN_FRAMEWORK_HEADER = YES;
				CLANG_WARN_RANGE_LOOP_ANALYSIS = YES;
				CLANG_WARN_STRICT_PROTOTYPES = YES;
				CLANG_WARN_SUSPICIOUS_MOVE = YES;
				CLANG_WARN_UNGUARDED_AVAILABILITY = YES_AGGRESSIVE;
				CLANG_WARN_UNREACHABLE_CODE = YES;
				CLANG_WARN__DUPLICATE_METHOD_MATCH = YES;
				COPY_PHASE_STRIP = NO;
				DEBUG_INFORMATION_FORMAT = "dwarf-with-dsym";
				DEVELOPMENT_TEAM = 4FXJ5W7FM5;
				ENABLE_NS_ASSERTIONS = NO;
				ENABLE_STRICT_OBJC_MSGSEND = YES;
				ENABLE_USER_SCRIPT_SANDBOXING = YES;
				GCC_C_LANGUAGE_STANDARD = gnu17;
				GCC_NO_COMMON_BLOCKS = YES;
				GCC_WARN_64_TO_32_BIT_CONVERSION = YES;
				GCC_WARN_ABOUT_RETURN_TYPE = YES_ERROR;
				GCC_WARN_UNDECLARED_SELECTOR = YES;
				GCC_WARN_UNINITIALIZED_AUTOS = YES_AGGRESSIVE;
				GCC_WARN_UNUSED_FUNCTION = YES;
				GCC_WARN_UNUSED_VARIABLE = YES;
				IPHONEOS_DEPLOYMENT_TARGET = 18.4;
				LOCALIZATION_PREFERS_STRING_CATALOGS = YES;
				MTL_ENABLE_DEBUG_INFO = NO;
				MTL_FAST_MATH = YES;
				SDKROOT = iphoneos;
				SWIFT_COMPILATION_MODE = wholemodule;
				VALIDATE_PRODUCT = YES;
			};
			name = Release;
		};
		615219402DBB07D100DF4904 /* Debug */ = {
			isa = XCBuildConfiguration;
			buildSettings = {
				ASSETCATALOG_COMPILER_APPICON_NAME = AppIcon;
				ASSETCATALOG_COMPILER_GLOBAL_ACCENT_COLOR_NAME = AccentColor;
				CODE_SIGN_STYLE = Automatic;
				CURRENT_PROJECT_VERSION = 1;
				DEVELOPMENT_TEAM = 4FXJ5W7FM5;
				ENABLE_PREVIEWS = YES;
				GENERATE_INFOPLIST_FILE = YES;
				INFOPLIST_KEY_UIApplicationSceneManifest_Generation = YES;
				INFOPLIST_KEY_UIApplicationSupportsIndirectInputEvents = YES;
				INFOPLIST_KEY_UILaunchScreen_Generation = YES;
				INFOPLIST_KEY_UISupportedInterfaceOrientations_iPad = "UIInterfaceOrientationPortrait UIInterfaceOrientationPortraitUpsideDown UIInterfaceOrientationLandscapeLeft UIInterfaceOrientationLandscapeRight";
				INFOPLIST_KEY_UISupportedInterfaceOrientations_iPhone = "UIInterfaceOrientationPortrait UIInterfaceOrientationLandscapeLeft UIInterfaceOrientationLandscapeRight";
				LD_RUNPATH_SEARCH_PATHS = (
					"$(inherited)",
					"@executable_path/Frameworks",
				);
				MARKETING_VERSION = 1.0;
				PRODUCT_BUNDLE_IDENTIFIER = com.iManzi.CoinGeckoSwiftUI;
				PRODUCT_NAME = "$(TARGET_NAME)";
				SWIFT_EMIT_LOC_STRINGS = YES;
				SWIFT_VERSION = 5.0;
				TARGETED_DEVICE_FAMILY = "1,2";
			};
			name = Debug;
		};
		615219412DBB07D100DF4904 /* Release */ = {
			isa = XCBuildConfiguration;
			buildSettings = {
				ASSETCATALOG_COMPILER_APPICON_NAME = AppIcon;
				ASSETCATALOG_COMPILER_GLOBAL_ACCENT_COLOR_NAME = AccentColor;
				CODE_SIGN_STYLE = Automatic;
				CURRENT_PROJECT_VERSION = 1;
				DEVELOPMENT_TEAM = 4FXJ5W7FM5;
				ENABLE_PREVIEWS = YES;
				GENERATE_INFOPLIST_FILE = YES;
				INFOPLIST_KEY_UIApplicationSceneManifest_Generation = YES;
				INFOPLIST_KEY_UIApplicationSupportsIndirectInputEvents = YES;
				INFOPLIST_KEY_UILaunchScreen_Generation = YES;
				INFOPLIST_KEY_UISupportedInterfaceOrientations_iPad = "UIInterfaceOrientationPortrait UIInterfaceOrientationPortraitUpsideDown UIInterfaceOrientationLandscapeLeft UIInterfaceOrientationLandscapeRight";
				INFOPLIST_KEY_UISupportedInterfaceOrientations_iPhone = "UIInterfaceOrientationPortrait UIInterfaceOrientationLandscapeLeft UIInterfaceOrientationLandscapeRight";
				LD_RUNPATH_SEARCH_PATHS = (
					"$(inherited)",
					"@executable_path/Frameworks",
				);
				MARKETING_VERSION = 1.0;
				PRODUCT_BUNDLE_IDENTIFIER = com.iManzi.CoinGeckoSwiftUI;
				PRODUCT_NAME = "$(TARGET_NAME)";
				SWIFT_EMIT_LOC_STRINGS = YES;
				SWIFT_VERSION = 5.0;
				TARGETED_DEVICE_FAMILY = "1,2";
			};
			name = Release;
		};
		615219432DBB07D100DF4904 /* Debug */ = {
			isa = XCBuildConfiguration;
			buildSettings = {
				BUNDLE_LOADER = "$(TEST_HOST)";
				CODE_SIGN_STYLE = Automatic;
				CURRENT_PROJECT_VERSION = 1;
				DEVELOPMENT_TEAM = 4FXJ5W7FM5;
				GENERATE_INFOPLIST_FILE = YES;
				IPHONEOS_DEPLOYMENT_TARGET = 18.4;
				MARKETING_VERSION = 1.0;
				PRODUCT_BUNDLE_IDENTIFIER = com.iManzi.CoinGeckoSwiftUITests;
				PRODUCT_NAME = "$(TARGET_NAME)";
				SWIFT_EMIT_LOC_STRINGS = NO;
				SWIFT_VERSION = 5.0;
				TARGETED_DEVICE_FAMILY = "1,2";
				TEST_HOST = "$(BUILT_PRODUCTS_DIR)/CoinGeckoSwiftUI.app/$(BUNDLE_EXECUTABLE_FOLDER_PATH)/CoinGeckoSwiftUI";
			};
			name = Debug;
		};
		615219442DBB07D100DF4904 /* Release */ = {
			isa = XCBuildConfiguration;
			buildSettings = {
				BUNDLE_LOADER = "$(TEST_HOST)";
				CODE_SIGN_STYLE = Automatic;
				CURRENT_PROJECT_VERSION = 1;
				DEVELOPMENT_TEAM = 4FXJ5W7FM5;
				GENERATE_INFOPLIST_FILE = YES;
				IPHONEOS_DEPLOYMENT_TARGET = 18.4;
				MARKETING_VERSION = 1.0;
				PRODUCT_BUNDLE_IDENTIFIER = com.iManzi.CoinGeckoSwiftUITests;
				PRODUCT_NAME = "$(TARGET_NAME)";
				SWIFT_EMIT_LOC_STRINGS = NO;
				SWIFT_VERSION = 5.0;
				TARGETED_DEVICE_FAMILY = "1,2";
				TEST_HOST = "$(BUILT_PRODUCTS_DIR)/CoinGeckoSwiftUI.app/$(BUNDLE_EXECUTABLE_FOLDER_PATH)/CoinGeckoSwiftUI";
			};
			name = Release;
		};
		615219462DBB07D100DF4904 /* Debug */ = {
			isa = XCBuildConfiguration;
			buildSettings = {
				CODE_SIGN_STYLE = Automatic;
				CURRENT_PROJECT_VERSION = 1;
				DEVELOPMENT_TEAM = 4FXJ5W7FM5;
				GENERATE_INFOPLIST_FILE = YES;
				MARKETING_VERSION = 1.0;
				PRODUCT_BUNDLE_IDENTIFIER = com.iManzi.CoinGeckoSwiftUIUITests;
				PRODUCT_NAME = "$(TARGET_NAME)";
				SWIFT_EMIT_LOC_STRINGS = NO;
				SWIFT_VERSION = 5.0;
				TARGETED_DEVICE_FAMILY = "1,2";
				TEST_TARGET_NAME = CoinGeckoSwiftUI;
			};
			name = Debug;
		};
		615219472DBB07D100DF4904 /* Release */ = {
			isa = XCBuildConfiguration;
			buildSettings = {
				CODE_SIGN_STYLE = Automatic;
				CURRENT_PROJECT_VERSION = 1;
				DEVELOPMENT_TEAM = 4FXJ5W7FM5;
				GENERATE_INFOPLIST_FILE = YES;
				MARKETING_VERSION = 1.0;
				PRODUCT_BUNDLE_IDENTIFIER = com.iManzi.CoinGeckoSwiftUIUITests;
				PRODUCT_NAME = "$(TARGET_NAME)";
				SWIFT_EMIT_LOC_STRINGS = NO;
				SWIFT_VERSION = 5.0;
				TARGETED_DEVICE_FAMILY = "1,2";
				TEST_TARGET_NAME = CoinGeckoSwiftUI;
			};
			name = Release;
		};
/* End XCBuildConfiguration section */

/* Begin XCConfigurationList section */
		615219192DBB07CE00DF4904 /* Build configuration list for PBXProject "CoinGeckoSwiftUI" */ = {
			isa = XCConfigurationList;
			buildConfigurations = (
				6152193D2DBB07D100DF4904 /* Debug */,
				6152193E2DBB07D100DF4904 /* Release */,
			);
			defaultConfigurationIsVisible = 0;
			defaultConfigurationName = Release;
		};
		6152193F2DBB07D100DF4904 /* Build configuration list for PBXNativeTarget "CoinGeckoSwiftUI" */ = {
			isa = XCConfigurationList;
			buildConfigurations = (
				615219402DBB07D100DF4904 /* Debug */,
				615219412DBB07D100DF4904 /* Release */,
			);
			defaultConfigurationIsVisible = 0;
			defaultConfigurationName = Release;
		};
		615219422DBB07D100DF4904 /* Build configuration list for PBXNativeTarget "CoinGeckoSwiftUITests" */ = {
			isa = XCConfigurationList;
			buildConfigurations = (
				615219432DBB07D100DF4904 /* Debug */,
				615219442DBB07D100DF4904 /* Release */,
			);
			defaultConfigurationIsVisible = 0;
			defaultConfigurationName = Release;
		};
		615219452DBB07D100DF4904 /* Build configuration list for PBXNativeTarget "CoinGeckoSwiftUIUITests" */ = {
			isa = XCConfigurationList;
			buildConfigurations = (
				615219462DBB07D100DF4904 /* Debug */,
				615219472DBB07D100DF4904 /* Release */,
			);
			defaultConfigurationIsVisible = 0;
			defaultConfigurationName = Release;
		};
/* End XCConfigurationList section */
	};
	rootObject = 615219162DBB07CE00DF4904 /* Project object */;
}
